
Microsoft Visual Studio Solution File, Format Version 12.00
# Visual Studio Version 16
VisualStudioVersion = 16.0.30517.126
MinimumVisualStudioVersion = 10.0.40219.1
Project("{9A19103F-16F7-4668-BE54-9A1E7A4F7556}") = "DesafioAutomacaoAPI", "DesafioAutomacaoAPI.csproj", "{ABCC1CA4-99EA-4BE8-B22F-B93A51818BC0}"
EndProject
Global
	GlobalSection(SolutionConfigurationPlatforms) = preSolution
		Debug|Any CPU = Debug|Any CPU
		HML|Any CPU = HML|Any CPU
		QA|Any CPU = QA|Any CPU
		Release|Any CPU = Release|Any CPU
	EndGlobalSection
	GlobalSection(ProjectConfigurationPlatforms) = postSolution
		{ABCC1CA4-99EA-4BE8-B22F-B93A51818BC0}.Debug|Any CPU.ActiveCfg = Debug|Any CPU
		{ABCC1CA4-99EA-4BE8-B22F-B93A51818BC0}.Debug|Any CPU.Build.0 = Debug|Any CPU
		{ABCC1CA4-99EA-4BE8-B22F-B93A51818BC0}.HML|Any CPU.ActiveCfg = HML|Any CPU
		{ABCC1CA4-99EA-4BE8-B22F-B93A51818BC0}.HML|Any CPU.Build.0 = HML|Any CPU
		{ABCC1CA4-99EA-4BE8-B22F-B93A51818BC0}.QA|Any CPU.ActiveCfg = QA|Any CPU
		{ABCC1CA4-99EA-4BE8-B22F-B93A51818BC0}.QA|Any CPU.Build.0 = QA|Any CPU
		{ABCC1CA4-99EA-4BE8-B22F-B93A51818BC0}.Release|Any CPU.ActiveCfg = Release|Any CPU
		{ABCC1CA4-99EA-4BE8-B22F-B93A51818BC0}.Release|Any CPU.Build.0 = Release|Any CPU
	EndGlobalSection
	GlobalSection(SolutionProperties) = preSolution
		HideSolutionNode = FALSE
	EndGlobalSection
	GlobalSection(ExtensibilityGlobals) = postSolution
		SolutionGuid = {EEE80CF1-9B0D-4C3F-836C-A1D6B3EC8AB3}
	EndGlobalSection
EndGlobal
